
Microsoft Visual Studio Solution File, Format Version 12.00
# Visual Studio Version 17
VisualStudioVersion = 17.10.35027.167
MinimumVisualStudioVersion = 10.0.40219.1
Project("{FAE04EC0-301F-11D3-BF4B-00C04F79EFBC}") = "TodoApi", "TodoApi\TodoApi.csproj", "{F416E29D-342B-46EE-9EBC-0F4FF477EFBF}"
EndProject
Global
	GlobalSection(SolutionConfigurationPlatforms) = preSolution
		Debug|Any CPU = Debug|Any CPU
		Release|Any CPU = Release|Any CPU
	EndGlobalSection
	GlobalSection(ProjectConfigurationPlatforms) = postSolution
		{F416E29D-342B-46EE-9EBC-0F4FF477EFBF}.Debug|Any CPU.ActiveCfg = Debug|Any CPU
		{F416E29D-342B-46EE-9EBC-0F4FF477EFBF}.Debug|Any CPU.Build.0 = Debug|Any CPU
		{F416E29D-342B-46EE-9EBC-0F4FF477EFBF}.Release|Any CPU.ActiveCfg = Release|Any CPU
		{F416E29D-342B-46EE-9EBC-0F4FF477EFBF}.Release|Any CPU.Build.0 = Release|Any CPU
	EndGlobalSection
	GlobalSection(SolutionProperties) = preSolution
		HideSolutionNode = FALSE
	EndGlobalSection
	GlobalSection(ExtensibilityGlobals) = postSolution
		SolutionGuid = {45B184CF-4A7F-49A4-8BED-85109BEAEFC0}
	EndGlobalSection
EndGlobal
